
Microsoft Visual Studio Solution File, Format Version 12.00
# Visual Studio Version 17
VisualStudioVersion = 17.9.34607.119
MinimumVisualStudioVersion = 10.0.40219.1
Project("{FAE04EC0-301F-11D3-BF4B-00C04F79EFBC}") = "WinFormsExplorerApp", "WinFormsExplorerApp\WinFormsExplorerApp.csproj", "{6C3D56CC-D724-467A-A698-1F42D0CF89A4}"
EndProject
Global
	GlobalSection(SolutionConfigurationPlatforms) = preSolution
		Debug|Any CPU = Debug|Any CPU
		Release|Any CPU = Release|Any CPU
	EndGlobalSection
	GlobalSection(ProjectConfigurationPlatforms) = postSolution
		{6C3D56CC-D724-467A-A698-1F42D0CF89A4}.Debug|Any CPU.ActiveCfg = Debug|Any CPU
		{6C3D56CC-D724-467A-A698-1F42D0CF89A4}.Debug|Any CPU.Build.0 = Debug|Any CPU
		{6C3D56CC-D724-467A-A698-1F42D0CF89A4}.Release|Any CPU.ActiveCfg = Release|Any CPU
		{6C3D56CC-D724-467A-A698-1F42D0CF89A4}.Release|Any CPU.Build.0 = Release|Any CPU
	EndGlobalSection
	GlobalSection(SolutionProperties) = preSolution
		HideSolutionNode = FALSE
	EndGlobalSection
	GlobalSection(ExtensibilityGlobals) = postSolution
		SolutionGuid = {51D33FD6-DAEB-4D9C-9ADD-B5BCDA3FA5C9}
	EndGlobalSection
EndGlobal
